
Microsoft Visual Studio Solution File, Format Version 12.00
# Visual Studio 2012
Project("{FAE04EC0-301F-11D3-BF4B-00C04F79EFBC}") = "CsdMergeTool", "CsdMergeTool\CsdMergeTool.csproj", "{A72C15F8-C004-4C84-B5BB-89C62A41008B}"
EndProject
Global
	GlobalSection(SolutionConfigurationPlatforms) = preSolution
		Debug|Any CPU = Debug|Any CPU
		Release|Any CPU = Release|Any CPU
	EndGlobalSection
	GlobalSection(ProjectConfigurationPlatforms) = postSolution
		{A72C15F8-C004-4C84-B5BB-89C62A41008B}.Debug|Any CPU.ActiveCfg = Debug|Any CPU
		{A72C15F8-C004-4C84-B5BB-89C62A41008B}.Debug|Any CPU.Build.0 = Debug|Any CPU
		{A72C15F8-C004-4C84-B5BB-89C62A41008B}.Release|Any CPU.ActiveCfg = Release|Any CPU
		{A72C15F8-C004-4C84-B5BB-89C62A41008B}.Release|Any CPU.Build.0 = Release|Any CPU
	EndGlobalSection
	GlobalSection(SolutionProperties) = preSolution
		HideSolutionNode = FALSE
	EndGlobalSection
EndGlobal
